<?xml version="1.0" encoding="utf-8"?>
<Project ToolsVersion="4.0" xmlns="http://schemas.microsoft.com/developer/msbuild/2003">
  <ItemGroup>
    <Filter Include="Source Files">
      <UniqueIdentifier>{4FC737F1-C7A5-4376-A066-2A32D752A2FF}</UniqueIdentifier>
      <Extensions>cpp;c;cc;cxx;def;odl;idl;hpj;bat;asm;asmx</Extensions>
    </Filter>
    <Filter Include="Header Files">
      <UniqueIdentifier>{93995380-89BD-4b04-88EB-625FBE52EBFB}</UniqueIdentifier>
      <Extensions>h;hh;hpp;hxx;hm;inl;inc;xsd</Extensions>
    </Filter>
    <Filter Include="Resource Files">
      <UniqueIdentifier>{67DA6AB6-F800-4c08-8B7A-83BB121AAD01}</UniqueIdentifier>
      <Extensions>rc;ico;cur;bmp;dlg;rc2;rct;bin;rgs;gif;jpg;jpeg;jpe;resx;tiff;tif;png;wav;mfcribbon-ms</Extensions>
    </Filter>
    <Filter Include="Resource Files\Shaders">
      <UniqueIdentifier>{97b1c97a-0623-4ad6-8721-3575c77aeafb}</UniqueIdentifier>
    </Filter>
    <Filter Include="Source Files\Input">
      <UniqueIdentifier>{6ef24a2d-5ab8-4b39-9ad6-9986198eb80b}</UniqueIdentifier>
    </Filter>
    <Filter Include="Source Files\Shaders">
      <UniqueIdentifier>{379cc41c-3ef7-4857-8b62-0e61de55d9fb}</UniqueIdentifier>
    </Filter>
    <Filter Include="Source Files\TestEnvironment">
      <UniqueIdentifier>{c3232250-2828-486a-ad1d-5ba8ad919ed4}</UniqueIdentifier>
    </Filter>
    <Filter Include="Source Files\TestEnvironment\Camera">
      <UniqueIdentifier>{4d90dd92-54a3-4442-88fb-4c7248df0db3}</UniqueIdentifier>
    </Filter>
    <Filter Include="Source Files\TestEnvironment\BehaviourTree">
      <UniqueIdentifier>{68d0e8c0-99c3-4282-9f51-93c804d9f2eb}</UniqueIdentifier>
    </Filter>
    <Filter Include="Source Files\TestEnvironment\BehaviourTree\Nodes">
      <UniqueIdentifier>{39bc7a8a-a030-49e1-aa4b-76833dab49a5}</UniqueIdentifier>
    </Filter>
    <Filter Include="Source Files\TestEnvironment\BehaviourTree\Nodes\Decorators">
      <UniqueIdentifier>{e0b3a6da-01e4-421e-96ea-346e090c2e91}</UniqueIdentifier>
    </Filter>
    <Filter Include="Source Files\TestEnvironment\BehaviourTree\Nodes\Composites">
      <UniqueIdentifier>{8e2b9d30-9024-42f6-a7f9-a8e359d58706}</UniqueIdentifier>
    </Filter>
    <Filter Include="Source Files\TestEnvironment\BehaviourTree\Nodes\Conditions">
      <UniqueIdentifier>{67a15ea0-6746-45a6-b7a4-da546167ac92}</UniqueIdentifier>
    </Filter>
    <Filter Include="Source Files\TestEnvironment\BehaviourTree\Blackboard">
      <UniqueIdentifier>{b5ede8c9-8d02-438c-b1aa-89acb9025f45}</UniqueIdentifier>
    </Filter>
    <Filter Include="Source Files\TestEnvironment\BehaviourTree\Nodes\Actions">
      <UniqueIdentifier>{a55a8527-065a-4064-9b9c-bfa8fd897e17}</UniqueIdentifier>
    </Filter>
  </ItemGroup>
  <ItemGroup>
    <None Include="assets\Shaders\basic.frag">
      <Filter>Resource Files\Shaders</Filter>
    </None>
    <None Include="assets\Shaders\basic.vert">
      <Filter>Resource Files\Shaders</Filter>
    </None>
  </ItemGroup>
  <ItemGroup>
    <ClInclude Include="src\Input\Input.h">
      <Filter>Source Files\Input</Filter>
    </ClInclude>
    <ClInclude Include="src\Shaders\Shader.h">
      <Filter>Source Files\Shaders</Filter>
    </ClInclude>
    <ClInclude Include="src\TestEnvironment\TestEnvironment.h">
      <Filter>Source Files\TestEnvironment</Filter>
    </ClInclude>
    <ClInclude Include="src\TestEnvironment\Camera\Camera.h">
      <Filter>Source Files\TestEnvironment\Camera</Filter>
    </ClInclude>
    <ClInclude Include="src\TestEnvironment\Camera\FreeCamera.h">
      <Filter>Source Files\TestEnvironment\Camera</Filter>
    </ClInclude>
    <ClInclude Include="src\TestEnvironment\BehaviourTree\BehaviourTree.h">
      <Filter>Source Files\TestEnvironment\BehaviourTree</Filter>
    </ClInclude>
    <ClInclude Include="src\TestEnvironment\BehaviourTree\Nodes\BTNode.h">
      <Filter>Source Files\TestEnvironment\BehaviourTree\Nodes</Filter>
    </ClInclude>
    <ClInclude Include="src\TestEnvironment\BehaviourTree\Nodes\Composites\BTNodeComposite.h">
      <Filter>Source Files\TestEnvironment\BehaviourTree\Nodes\Composites</Filter>
    </ClInclude>
    <ClInclude Include="src\TestEnvironment\BehaviourTree\Nodes\Composites\BTNodeSelector.h">
      <Filter>Source Files\TestEnvironment\BehaviourTree\Nodes\Composites</Filter>
    </ClInclude>
    <ClInclude Include="src\TestEnvironment\BehaviourTree\Nodes\Composites\BTNodeSequence.h">
      <Filter>Source Files\TestEnvironment\BehaviourTree\Nodes\Composites</Filter>
    </ClInclude>
    <ClInclude Include="src\TestEnvironment\BehaviourTree\Nodes\BTNodes.h">
      <Filter>Source Files\TestEnvironment\BehaviourTree\Nodes</Filter>
    </ClInclude>
    <ClInclude Include="src\TestEnvironment\BehaviourTree\Blackboard\BTBlackboard.h">
      <Filter>Source Files\TestEnvironment\BehaviourTree\Blackboard</Filter>
    </ClInclude>
    <ClInclude Include="src\TestEnvironment\BehaviourTree\Blackboard\BTBlackboardValue.h">
      <Filter>Source Files\TestEnvironment\BehaviourTree\Blackboard</Filter>
    </ClInclude>
    <ClInclude Include="src\TestEnvironment\BehaviourTree\Blackboard\BTBlackboardOperator.h">
      <Filter>Source Files\TestEnvironment\BehaviourTree\Blackboard</Filter>
    </ClInclude>
    <ClInclude Include="src\TestEnvironment\BehaviourTree\Nodes\Conditions\BTNodeCondition.h">
      <Filter>Source Files\TestEnvironment\BehaviourTree\Nodes\Conditions</Filter>
    </ClInclude>
    <ClInclude Include="src\TestEnvironment\BehaviourTree\Nodes\Conditions\BTNodeBlackboardCondition.h">
      <Filter>Source Files\TestEnvironment\BehaviourTree\Nodes\Conditions</Filter>
    </ClInclude>
    <ClInclude Include="src\TestEnvironment\BehaviourTree\Nodes\Actions\BTNodeAction.h">
      <Filter>Source Files\TestEnvironment\BehaviourTree\Nodes\Actions</Filter>
    </ClInclude>
    <ClInclude Include="src\TestEnvironment\BehaviourTree\Nodes\Actions\BTNodeActionWait.h">
      <Filter>Source Files\TestEnvironment\BehaviourTree\Nodes\Actions</Filter>
    </ClInclude>
    <ClInclude Include="src\TestEnvironment\BehaviourTree\Nodes\Decorators\BTNodeDecorator.h">
      <Filter>Source Files\TestEnvironment\BehaviourTree\Nodes\Decorators</Filter>
    </ClInclude>
    <ClInclude Include="src\TestEnvironment\BehaviourTree\Nodes\Decorators\BTNodeDecoratorLimit.h">
      <Filter>Source Files\TestEnvironment\BehaviourTree\Nodes\Decorators</Filter>
    </ClInclude>
  </ItemGroup>
  <ItemGroup>
    <ClCompile Include="src\main.cpp">
      <Filter>Source Files</Filter>
    </ClCompile>
  </ItemGroup>
</Project>